{
  "requires": true,
  "lockfileVersion": 1,
  "dependencies": {
    "craff-palindrome": {
      "version": "0.1.1",
      "resolved": "https://registry.npmjs.org/craff-palindrome/-/craff-palindrome-0.1.1.tgz",
      "integrity": "sha512-drzO5nXVWCCLOI52N7fJ/W+09nOiZg3pZ2LFJchgif0V3D4T+E32JSOzkPJaFOHDjiEpmO6TSYspYpYWAsuXog=="
    }
  }
}
