{
  "requires": true,
  "lockfileVersion": 1,
  "dependencies": {
    "craff-palindrome": {
      "version": "0.1.0",
      "resolved": "https://registry.npmjs.org/craff-palindrome/-/craff-palindrome-0.1.0.tgz",
      "integrity": "sha512-iEpUBvBVpXj7zSh59Sw+KtvHQVvs1Gcn4S50d1ZuUOdNdpc6WAQ7OeKPKFdYXRWsKU787eNhjEvgfD+J6tXcRg=="
    }
  }
}
